
Microsoft Visual Studio Solution File, Format Version 12.00
# Visual Studio Version 16
VisualStudioVersion = 16.0.30114.105
MinimumVisualStudioVersion = 10.0.40219.1
Project("{FAE04EC0-301F-11D3-BF4B-00C04F79EFBC}") = "BlogPessoal", "BlogPessoal\BlogPessoal.csproj", "{4815DC7C-9581-4DE1-BF25-2792E2ED916D}"
EndProject
Project("{FAE04EC0-301F-11D3-BF4B-00C04F79EFBC}") = "BlogPessoalTeste", "BlogPessoalTeste\BlogPessoalTeste.csproj", "{0DF66E36-D8A3-4722-920C-4D0196D0ECA7}"
EndProject
Global
	GlobalSection(SolutionConfigurationPlatforms) = preSolution
		Debug|Any CPU = Debug|Any CPU
		Debug|x64 = Debug|x64
		Debug|x86 = Debug|x86
		Release|Any CPU = Release|Any CPU
		Release|x64 = Release|x64
		Release|x86 = Release|x86
	EndGlobalSection
	GlobalSection(SolutionProperties) = preSolution
		HideSolutionNode = FALSE
	EndGlobalSection
	GlobalSection(ProjectConfigurationPlatforms) = postSolution
		{4815DC7C-9581-4DE1-BF25-2792E2ED916D}.Debug|Any CPU.ActiveCfg = Debug|Any CPU
		{4815DC7C-9581-4DE1-BF25-2792E2ED916D}.Debug|Any CPU.Build.0 = Debug|Any CPU
		{4815DC7C-9581-4DE1-BF25-2792E2ED916D}.Debug|x64.ActiveCfg = Debug|Any CPU
		{4815DC7C-9581-4DE1-BF25-2792E2ED916D}.Debug|x64.Build.0 = Debug|Any CPU
		{4815DC7C-9581-4DE1-BF25-2792E2ED916D}.Debug|x86.ActiveCfg = Debug|Any CPU
		{4815DC7C-9581-4DE1-BF25-2792E2ED916D}.Debug|x86.Build.0 = Debug|Any CPU
		{4815DC7C-9581-4DE1-BF25-2792E2ED916D}.Release|Any CPU.ActiveCfg = Release|Any CPU
		{4815DC7C-9581-4DE1-BF25-2792E2ED916D}.Release|Any CPU.Build.0 = Release|Any CPU
		{4815DC7C-9581-4DE1-BF25-2792E2ED916D}.Release|x64.ActiveCfg = Release|Any CPU
		{4815DC7C-9581-4DE1-BF25-2792E2ED916D}.Release|x64.Build.0 = Release|Any CPU
		{4815DC7C-9581-4DE1-BF25-2792E2ED916D}.Release|x86.ActiveCfg = Release|Any CPU
		{4815DC7C-9581-4DE1-BF25-2792E2ED916D}.Release|x86.Build.0 = Release|Any CPU
		{0DF66E36-D8A3-4722-920C-4D0196D0ECA7}.Debug|Any CPU.ActiveCfg = Debug|Any CPU
		{0DF66E36-D8A3-4722-920C-4D0196D0ECA7}.Debug|Any CPU.Build.0 = Debug|Any CPU
		{0DF66E36-D8A3-4722-920C-4D0196D0ECA7}.Debug|x64.ActiveCfg = Debug|Any CPU
		{0DF66E36-D8A3-4722-920C-4D0196D0ECA7}.Debug|x64.Build.0 = Debug|Any CPU
		{0DF66E36-D8A3-4722-920C-4D0196D0ECA7}.Debug|x86.ActiveCfg = Debug|Any CPU
		{0DF66E36-D8A3-4722-920C-4D0196D0ECA7}.Debug|x86.Build.0 = Debug|Any CPU
		{0DF66E36-D8A3-4722-920C-4D0196D0ECA7}.Release|Any CPU.ActiveCfg = Release|Any CPU
		{0DF66E36-D8A3-4722-920C-4D0196D0ECA7}.Release|Any CPU.Build.0 = Release|Any CPU
		{0DF66E36-D8A3-4722-920C-4D0196D0ECA7}.Release|x64.ActiveCfg = Release|Any CPU
		{0DF66E36-D8A3-4722-920C-4D0196D0ECA7}.Release|x64.Build.0 = Release|Any CPU
		{0DF66E36-D8A3-4722-920C-4D0196D0ECA7}.Release|x86.ActiveCfg = Release|Any CPU
		{0DF66E36-D8A3-4722-920C-4D0196D0ECA7}.Release|x86.Build.0 = Release|Any CPU
	EndGlobalSection
EndGlobal
